
Microsoft Visual Studio Solution File, Format Version 11.00
# Visual Studio 2010
Project("{FAE04EC0-301F-11D3-BF4B-00C04F79EFBC}") = "Assembly-CSharp", "Assembly-CSharp.csproj", "{dd6c4ef4-5a0c-3dd2-e462-04f318892e5a}"
EndProject
Project("{FAE04EC0-301F-11D3-BF4B-00C04F79EFBC}") = "Unity.Postprocessing.Runtime", "Unity.Postprocessing.Runtime.csproj", "{ba606225-3c69-47db-300e-31b94400e71e}"
EndProject
Project("{FAE04EC0-301F-11D3-BF4B-00C04F79EFBC}") = "Assembly-CSharp-firstpass", "Assembly-CSharp-firstpass.csproj", "{40d17b97-5a0a-37f2-7ad2-6ef45bc2a9fc}"
EndProject
Project("{FAE04EC0-301F-11D3-BF4B-00C04F79EFBC}") = "sc.stylizedwater2.runtime", "sc.stylizedwater2.runtime.csproj", "{85de7660-d8b8-13a6-f445-d6f9521ca4de}"
EndProject
Project("{FAE04EC0-301F-11D3-BF4B-00C04F79EFBC}") = "sc.stylizedwater2.editor", "sc.stylizedwater2.editor.csproj", "{710730a1-bcad-cf03-c368-346f25886b00}"
EndProject
Project("{FAE04EC0-301F-11D3-BF4B-00C04F79EFBC}") = "Unity.Postprocessing.Editor", "Unity.Postprocessing.Editor.csproj", "{1e57c4ac-57bc-696e-ec37-83fbd4d41039}"
EndProject
Project("{FAE04EC0-301F-11D3-BF4B-00C04F79EFBC}") = "Assembly-CSharp-Editor-firstpass", "Assembly-CSharp-Editor-firstpass.csproj", "{40452c47-a81a-5dd0-3784-1f00d8d384cb}"
EndProject
Project("{FAE04EC0-301F-11D3-BF4B-00C04F79EFBC}") = "Assembly-CSharp-Editor", "Assembly-CSharp-Editor.csproj", "{f625b8ca-31ac-dfce-3580-5108146e3d4f}"
EndProject
Global
	GlobalSection(SolutionConfigurationPlatforms) = preSolution
		Debug|Any CPU = Debug|Any CPU
	EndGlobalSection
	GlobalSection(ProjectConfigurationPlatforms) = postSolution
		{dd6c4ef4-5a0c-3dd2-e462-04f318892e5a}.Debug|Any CPU.ActiveCfg = Debug|Any CPU
		{dd6c4ef4-5a0c-3dd2-e462-04f318892e5a}.Debug|Any CPU.Build.0 = Debug|Any CPU
		{ba606225-3c69-47db-300e-31b94400e71e}.Debug|Any CPU.ActiveCfg = Debug|Any CPU
		{ba606225-3c69-47db-300e-31b94400e71e}.Debug|Any CPU.Build.0 = Debug|Any CPU
		{40d17b97-5a0a-37f2-7ad2-6ef45bc2a9fc}.Debug|Any CPU.ActiveCfg = Debug|Any CPU
		{40d17b97-5a0a-37f2-7ad2-6ef45bc2a9fc}.Debug|Any CPU.Build.0 = Debug|Any CPU
		{85de7660-d8b8-13a6-f445-d6f9521ca4de}.Debug|Any CPU.ActiveCfg = Debug|Any CPU
		{85de7660-d8b8-13a6-f445-d6f9521ca4de}.Debug|Any CPU.Build.0 = Debug|Any CPU
		{710730a1-bcad-cf03-c368-346f25886b00}.Debug|Any CPU.ActiveCfg = Debug|Any CPU
		{710730a1-bcad-cf03-c368-346f25886b00}.Debug|Any CPU.Build.0 = Debug|Any CPU
		{1e57c4ac-57bc-696e-ec37-83fbd4d41039}.Debug|Any CPU.ActiveCfg = Debug|Any CPU
		{1e57c4ac-57bc-696e-ec37-83fbd4d41039}.Debug|Any CPU.Build.0 = Debug|Any CPU
		{40452c47-a81a-5dd0-3784-1f00d8d384cb}.Debug|Any CPU.ActiveCfg = Debug|Any CPU
		{40452c47-a81a-5dd0-3784-1f00d8d384cb}.Debug|Any CPU.Build.0 = Debug|Any CPU
		{f625b8ca-31ac-dfce-3580-5108146e3d4f}.Debug|Any CPU.ActiveCfg = Debug|Any CPU
		{f625b8ca-31ac-dfce-3580-5108146e3d4f}.Debug|Any CPU.Build.0 = Debug|Any CPU
	EndGlobalSection
	GlobalSection(SolutionProperties) = preSolution
		HideSolutionNode = FALSE
	EndGlobalSection
EndGlobal
